
Microsoft Visual Studio Solution File, Format Version 12.00
# Visual Studio 14
VisualStudioVersion = 14.0.25420.1
MinimumVisualStudioVersion = 10.0.40219.1
Project("{FAE04EC0-301F-11D3-BF4B-00C04F79EFBC}") = "PowerQuality", "PowerQuality\PowerQuality.csproj", "{9C94EB3A-C94C-4074-92BC-BC686CBC0629}"
EndProject
Project("{FAE04EC0-301F-11D3-BF4B-00C04F79EFBC}") = "PowerQuality.Tests", "PowerQuality.Tests\PowerQuality.Tests.csproj", "{BE031FA8-17E1-40E3-AAA3-6E8A8445BA71}"
EndProject
Global
	GlobalSection(SolutionConfigurationPlatforms) = preSolution
		Debug|Any CPU = Debug|Any CPU
		Release|Any CPU = Release|Any CPU
	EndGlobalSection
	GlobalSection(ProjectConfigurationPlatforms) = postSolution
		{9C94EB3A-C94C-4074-92BC-BC686CBC0629}.Debug|Any CPU.ActiveCfg = Debug|Any CPU
		{9C94EB3A-C94C-4074-92BC-BC686CBC0629}.Debug|Any CPU.Build.0 = Debug|Any CPU
		{9C94EB3A-C94C-4074-92BC-BC686CBC0629}.Release|Any CPU.ActiveCfg = Release|Any CPU
		{9C94EB3A-C94C-4074-92BC-BC686CBC0629}.Release|Any CPU.Build.0 = Release|Any CPU
		{BE031FA8-17E1-40E3-AAA3-6E8A8445BA71}.Debug|Any CPU.ActiveCfg = Debug|Any CPU
		{BE031FA8-17E1-40E3-AAA3-6E8A8445BA71}.Debug|Any CPU.Build.0 = Debug|Any CPU
		{BE031FA8-17E1-40E3-AAA3-6E8A8445BA71}.Release|Any CPU.ActiveCfg = Release|Any CPU
		{BE031FA8-17E1-40E3-AAA3-6E8A8445BA71}.Release|Any CPU.Build.0 = Release|Any CPU
	EndGlobalSection
	GlobalSection(SolutionProperties) = preSolution
		HideSolutionNode = FALSE
	EndGlobalSection
EndGlobal
